<?xml version="1.0" encoding="utf-8"?>
<Project ToolsVersion="4.0" xmlns="http://schemas.microsoft.com/developer/msbuild/2003">
  <ItemGroup>
    <Filter Include="源文件">
      <UniqueIdentifier>{4FC737F1-C7A5-4376-A066-2A32D752A2FF}</UniqueIdentifier>
      <Extensions>cpp;c;cc;cxx;def;odl;idl;hpj;bat;asm;asmx</Extensions>
    </Filter>
    <Filter Include="头文件">
      <UniqueIdentifier>{93995380-89BD-4b04-88EB-625FBE52EBFB}</UniqueIdentifier>
      <Extensions>h;hh;hpp;hxx;hm;inl;inc;xsd</Extensions>
    </Filter>
    <Filter Include="资源文件">
      <UniqueIdentifier>{67DA6AB6-F800-4c08-8B7A-83BB121AAD01}</UniqueIdentifier>
      <Extensions>rc;ico;cur;bmp;dlg;rc2;rct;bin;rgs;gif;jpg;jpeg;jpe;resx;tiff;tif;png;wav;mfcribbon-ms</Extensions>
    </Filter>
  </ItemGroup>
  <ItemGroup>
    <ClCompile Include="main.cpp">
      <Filter>源文件</Filter>
    </ClCompile>
    <ClCompile Include="event.cpp">
      <Filter>源文件</Filter>
    </ClCompile>
    <ClCompile Include="global.cpp">
      <Filter>源文件</Filter>
    </ClCompile>
  </ItemGroup>
  <ItemGroup>
    <ClInclude Include="global.h">
      <Filter>头文件</Filter>
    </ClInclude>
    <ClInclude Include="event.h">
      <Filter>头文件</Filter>
    </ClInclude>
    <ClInclude Include="resource.h">
      <Filter>头文件</Filter>
    </ClInclude>
    <ClInclude Include="item.h">
      <Filter>头文件</Filter>
    </ClInclude>
  </ItemGroup>
  <ItemGroup>
    <Image Include="icon.ico">
      <Filter>资源文件</Filter>
    </Image>
    <Image Include="res\ui\background.bmp">
      <Filter>资源文件</Filter>
    </Image>
    <Image Include="res\ui\hero.bmp">
      <Filter>资源文件</Filter>
    </Image>
    <Image Include="res\ui\start.bmp">
      <Filter>资源文件</Filter>
    </Image>
    <Image Include="res\ui\bitmap1.bmp">
      <Filter>资源文件</Filter>
    </Image>
    <Image Include="res\hero2.bmp">
      <Filter>资源文件</Filter>
    </Image>
    <Image Include="res\icon.ico">
      <Filter>资源文件</Filter>
    </Image>
    <Image Include="res\ui\bitmap2.bmp">
      <Filter>资源文件</Filter>
    </Image>
    <Image Include="res\ui\hero2.bmp">
      <Filter>资源文件</Filter>
    </Image>
    <Image Include="res\ui\Bullet.bmp">
      <Filter>资源文件</Filter>
    </Image>
    <Image Include="res\ui\background2.bmp">
      <Filter>资源文件</Filter>
    </Image>
    <Image Include="res\ui\choosemap.bmp">
      <Filter>资源文件</Filter>
    </Image>
    <Image Include="res\ui\choose1.bmp">
      <Filter>资源文件</Filter>
    </Image>
    <Image Include="res\ui\choose2.bmp">
      <Filter>资源文件</Filter>
    </Image>
    <Image Include="res\ui\boom.bmp">
      <Filter>资源文件</Filter>
    </Image>
    <Image Include="res\ui\help.bmp">
      <Filter>资源文件</Filter>
    </Image>
    <Image Include="res\ui\Introduction.bmp">
      <Filter>资源文件</Filter>
    </Image>
    <Image Include="res\ui\back.bmp">
      <Filter>资源文件</Filter>
    </Image>
    <Image Include="res\ui\Ending.bmp">
      <Filter>资源文件</Filter>
    </Image>
    <Image Include="res\ui\greenwin.bmp">
      <Filter>资源文件</Filter>
    </Image>
    <Image Include="res\ui\bluewin.bmp">
      <Filter>资源文件</Filter>
    </Image>
    <Image Include="res\ui\play.bmp">
      <Filter>资源文件</Filter>
    </Image>
    <Image Include="res\ui\pause.bmp">
      <Filter>资源文件</Filter>
    </Image>
    <Image Include="res\ui\BigPause.bmp">
      <Filter>资源文件</Filter>
    </Image>
    <Image Include="res\ui\home.bmp">
      <Filter>资源文件</Filter>
    </Image>
    <Image Include="res\ui\next.bmp">
      <Filter>资源文件</Filter>
    </Image>
    <Image Include="res\ui\background3.bmp">
      <Filter>资源文件</Filter>
    </Image>
    <Image Include="res\ui\HEROR.bmp">
      <Filter>资源文件</Filter>
    </Image>
    <Image Include="res\ui\HERO3L.bmp">
      <Filter>资源文件</Filter>
    </Image>
    <Image Include="res\ui\HERO3R.bmp">
      <Filter>资源文件</Filter>
    </Image>
    <Image Include="res\ui\HERO4L.bmp">
      <Filter>资源文件</Filter>
    </Image>
    <Image Include="res\ui\HERO4R.bmp">
      <Filter>资源文件</Filter>
    </Image>
    <Image Include="res\ui\hero2r.bmp">
      <Filter>资源文件</Filter>
    </Image>
    <Image Include="res\ui\choosehero.bmp">
      <Filter>资源文件</Filter>
    </Image>
    <Image Include="res\ui\herobutton.bmp">
      <Filter>资源文件</Filter>
    </Image>
    <Image Include="res\ui\blueteam.bmp">
      <Filter>资源文件</Filter>
    </Image>
    <Image Include="res\ui\greenteam.bmp">
      <Filter>资源文件</Filter>
    </Image>
    <Image Include="res\ui\hero2Pyobon.bmp">
      <Filter>资源文件</Filter>
    </Image>
    <Image Include="res\ui\north.bmp">
      <Filter>资源文件</Filter>
    </Image>
    <Image Include="res\ui\east.bmp">
      <Filter>资源文件</Filter>
    </Image>
    <Image Include="res\ui\west.bmp">
      <Filter>资源文件</Filter>
    </Image>
    <Image Include="res\ui\south.bmp">
      <Filter>资源文件</Filter>
    </Image>
    <Image Include="res\ui\rocket.bmp">
      <Filter>资源文件</Filter>
    </Image>
    <Image Include="res\ui\rocketnum.bmp">
      <Filter>资源文件</Filter>
    </Image>
    <Image Include="res\ui\rocket2num.bmp">
      <Filter>资源文件</Filter>
    </Image>
    <Image Include="res\ui\rocket2.bmp">
      <Filter>资源文件</Filter>
    </Image>
    <Image Include="res\ui\med.bmp">
      <Filter>资源文件</Filter>
    </Image>
    <Image Include="res\ui\med2.bmp">
      <Filter>资源文件</Filter>
    </Image>
    <Image Include="res\ui\mode2.bmp">
      <Filter>资源文件</Filter>
    </Image>
    <Image Include="res\ui\map.bmp">
      <Filter>资源文件</Filter>
    </Image>
    <Image Include="res\ui\madchoose1.bmp">
      <Filter>资源文件</Filter>
    </Image>
    <Image Include="res\ui\wall.bmp">
      <Filter>资源文件</Filter>
    </Image>
    <Image Include="res\ui\sun.bmp">
      <Filter>资源文件</Filter>
    </Image>
    <Image Include="res\ui\moon.bmp">
      <Filter>资源文件</Filter>
    </Image>
    <Image Include="res\ui\map2.bmp">
      <Filter>资源文件</Filter>
    </Image>
    <Image Include="res\ui\luandou.bmp">
      <Filter>资源文件</Filter>
    </Image>
    <Image Include="res\ui\mode3.bmp">
      <Filter>资源文件</Filter>
    </Image>
    <Image Include="res\ui\rocketL.bmp">
      <Filter>资源文件</Filter>
    </Image>
    <Image Include="res\ui\rocketR.bmp">
      <Filter>资源文件</Filter>
    </Image>
    <Image Include="res\ui\nextpage.bmp">
      <Filter>资源文件</Filter>
    </Image>
    <Image Include="res\ui\introduction2.bmp">
      <Filter>资源文件</Filter>
    </Image>
  </ItemGroup>
  <ItemGroup>
    <ResourceCompile Include="Worms.rc">
      <Filter>资源文件</Filter>
    </ResourceCompile>
  </ItemGroup>
</Project>